// !$*UTF8*$!
{
	archiveVersion = 1;
	classes = {
	};
	objectVersion = 77;
	objects = {

/* Begin PBXBuildFile section */
		0FA04FF598D6146964FD590A /* DuoScreenApp.swift in Sources */ = {isa = PBXBuildFile; fileRef = FD20DA41988F22BEFEB196AE /* DuoScreenApp.swift */; };
		4F9D88FD9E9F4C0C61215570 /* Assets.xcassets in Resources */ = {isa = PBXBuildFile; fileRef = 2C29453D3CFE77011A93E686 /* Assets.xcassets */; };
		A89519BBD080C52EB3072848 /* PrivacyInfo.xcprivacy in Resources */ = {isa = PBXBuildFile; fileRef = 2552A6A4C3E44980C0F611DF /* PrivacyInfo.xcprivacy */; };
		A9FA60CCAA78308DF788EDD0 /* BrowserView.swift in Sources */ = {isa = PBXBuildFile; fileRef = 4930B5934B9424CA4A78DD54 /* BrowserView.swift */; };
		B7E4E5AADB3FBDCE59AA1E78 /* ContentView.swift in Sources */ = {isa = PBXBuildFile; fileRef = 5CCCDC190FA41385313A3AAD /* ContentView.swift */; };
		C3EDECAFA02E49C4AEFB8835 /* DuoScreenUITests.swift in Sources */ = {isa = PBXBuildFile; fileRef = 7E1A78268DBC2B9C2897E237 /* DuoScreenUITests.swift */; };
/* End PBXBuildFile section */

/* Begin PBXContainerItemProxy section */
		4E37117DA721A1F7875E83D4 /* PBXContainerItemProxy */ = {
			isa = PBXContainerItemProxy;
			containerPortal = 01FC30359BE1E9F6F40EC866 /* Project object */;
			proxyType = 1;
			remoteGlobalIDString = 924EE78D99ED297058C1AFBC;
			remoteInfo = DuoScreen;
		};
/* End PBXContainerItemProxy section */

/* Begin PBXFileReference section */
		2552A6A4C3E44980C0F611DF /* PrivacyInfo.xcprivacy */ = {isa = PBXFileReference; path = PrivacyInfo.xcprivacy; sourceTree = "<group>"; };
		2C29453D3CFE77011A93E686 /* Assets.xcassets */ = {isa = PBXFileReference; lastKnownFileType = folder.assetcatalog; path = Assets.xcassets; sourceTree = "<group>"; };
		4930B5934B9424CA4A78DD54 /* BrowserView.swift */ = {isa = PBXFileReference; lastKnownFileType = sourcecode.swift; path = BrowserView.swift; sourceTree = "<group>"; };
		5CCCDC190FA41385313A3AAD /* ContentView.swift */ = {isa = PBXFileReference; lastKnownFileType = sourcecode.swift; path = ContentView.swift; sourceTree = "<group>"; };
		7E1A78268DBC2B9C2897E237 /* DuoScreenUITests.swift */ = {isa = PBXFileReference; lastKnownFileType = sourcecode.swift; path = DuoScreenUITests.swift; sourceTree = "<group>"; };
		A810D6FCF764B6868DC43DAF /* DuoScreen.app */ = {isa = PBXFileReference; includeInIndex = 0; lastKnownFileType = wrapper.application; path = DuoScreen.app; sourceTree = BUILT_PRODUCTS_DIR; };
		DA702438537A546BD621A0F9 /* DuoScreenUITests.xctest */ = {isa = PBXFileReference; includeInIndex = 0; lastKnownFileType = wrapper.cfbundle; path = DuoScreenUITests.xctest; sourceTree = BUILT_PRODUCTS_DIR; };
		FD20DA41988F22BEFEB196AE /* DuoScreenApp.swift */ = {isa = PBXFileReference; lastKnownFileType = sourcecode.swift; path = DuoScreenApp.swift; sourceTree = "<group>"; };
/* End PBXFileReference section */

/* Begin PBXGroup section */
		4229A39206EB965F3EC3E141 /* DuoScreen */ = {
			isa = PBXGroup;
			children = (
				2C29453D3CFE77011A93E686 /* Assets.xcassets */,
				4930B5934B9424CA4A78DD54 /* BrowserView.swift */,
				5CCCDC190FA41385313A3AAD /* ContentView.swift */,
				FD20DA41988F22BEFEB196AE /* DuoScreenApp.swift */,
				2552A6A4C3E44980C0F611DF /* PrivacyInfo.xcprivacy */,
			);
			path = DuoScreen;
			sourceTree = "<group>";
		};
		6D39609F5CE3351E10BBA550 = {
			isa = PBXGroup;
			children = (
				4229A39206EB965F3EC3E141 /* DuoScreen */,
				7EDE7D32C57D75D361FF243F /* DuoScreenUITests */,
				9D4CA59B3DA469786BBA6BFD /* Products */,
			);
			sourceTree = "<group>";
		};
		7EDE7D32C57D75D361FF243F /* DuoScreenUITests */ = {
			isa = PBXGroup;
			children = (
				7E1A78268DBC2B9C2897E237 /* DuoScreenUITests.swift */,
			);
			path = DuoScreenUITests;
			sourceTree = "<group>";
		};
		9D4CA59B3DA469786BBA6BFD /* Products */ = {
			isa = PBXGroup;
			children = (
				A810D6FCF764B6868DC43DAF /* DuoScreen.app */,
				DA702438537A546BD621A0F9 /* DuoScreenUITests.xctest */,
			);
			name = Products;
			sourceTree = "<group>";
		};
/* End PBXGroup section */

/* Begin PBXNativeTarget section */
		924EE78D99ED297058C1AFBC /* DuoScreen */ = {
			isa = PBXNativeTarget;
			buildConfigurationList = 4219F578844B6920139957F0 /* Build configuration list for PBXNativeTarget "DuoScreen" */;
			buildPhases = (
				719DCC98C4D0214BB74A5F0A /* Sources */,
				5785CA30DFE81416B18E3298 /* Resources */,
			);
			buildRules = (
			);
			dependencies = (
			);
			name = DuoScreen;
			packageProductDependencies = (
			);
			productName = DuoScreen;
			productReference = A810D6FCF764B6868DC43DAF /* DuoScreen.app */;
			productType = "com.apple.product-type.application";
		};
		CCF196C2A573CE8D417DF467 /* DuoScreenUITests */ = {
			isa = PBXNativeTarget;
			buildConfigurationList = D0B390B41D38E2DCE91B0CEA /* Build configuration list for PBXNativeTarget "DuoScreenUITests" */;
			buildPhases = (
				4C0411523E9ECE37A7993A53 /* Sources */,
			);
			buildRules = (
			);
			dependencies = (
				6CDB5B3CAB58FC596887417C /* PBXTargetDependency */,
			);
			name = DuoScreenUITests;
			packageProductDependencies = (
			);
			productName = DuoScreenUITests;
			productReference = DA702438537A546BD621A0F9 /* DuoScreenUITests.xctest */;
			productType = "com.apple.product-type.bundle.ui-testing";
		};
/* End PBXNativeTarget section */

/* Begin PBXProject section */
		01FC30359BE1E9F6F40EC866 /* Project object */ = {
			isa = PBXProject;
			attributes = {
				BuildIndependentTargetsInParallel = YES;
				LastUpgradeCheck = 1430;
				TargetAttributes = {
					924EE78D99ED297058C1AFBC = {
						DevelopmentTeam = Q36L58HTT5;
						ProvisioningStyle = Automatic;
					};
					CCF196C2A573CE8D417DF467 = {
						TestTargetID = 924EE78D99ED297058C1AFBC;
					};
				};
			};
			buildConfigurationList = 3BD6FDD9A94D10896AD056A7 /* Build configuration list for PBXProject "DuoScreen" */;
			developmentRegion = en;
			hasScannedForEncodings = 0;
			knownRegions = (
				Base,
				en,
			);
			mainGroup = 6D39609F5CE3351E10BBA550;
			minimizedProjectReferenceProxies = 1;
			preferredProjectObjectVersion = 77;
			productRefGroup = 9D4CA59B3DA469786BBA6BFD /* Products */;
			projectDirPath = "";
			projectRoot = "";
			targets = (
				924EE78D99ED297058C1AFBC /* DuoScreen */,
				CCF196C2A573CE8D417DF467 /* DuoScreenUITests */,
			);
		};
/* End PBXProject section */

/* Begin PBXResourcesBuildPhase section */
		5785CA30DFE81416B18E3298 /* Resources */ = {
			isa = PBXResourcesBuildPhase;
			buildActionMask = 2147483647;
			files = (
				4F9D88FD9E9F4C0C61215570 /* Assets.xcassets in Resources */,
				A89519BBD080C52EB3072848 /* PrivacyInfo.xcprivacy in Resources */,
			);
			runOnlyForDeploymentPostprocessing = 0;
		};
/* End PBXResourcesBuildPhase section */

/* Begin PBXSourcesBuildPhase section */
		4C0411523E9ECE37A7993A53 /* Sources */ = {
			isa = PBXSourcesBuildPhase;
			buildActionMask = 2147483647;
			files = (
				C3EDECAFA02E49C4AEFB8835 /* DuoScreenUITests.swift in Sources */,
			);
			runOnlyForDeploymentPostprocessing = 0;
		};
		719DCC98C4D0214BB74A5F0A /* Sources */ = {
			isa = PBXSourcesBuildPhase;
			buildActionMask = 2147483647;
			files = (
				A9FA60CCAA78308DF788EDD0 /* BrowserView.swift in Sources */,
				B7E4E5AADB3FBDCE59AA1E78 /* ContentView.swift in Sources */,
				0FA04FF598D6146964FD590A /* DuoScreenApp.swift in Sources */,
			);
			runOnlyForDeploymentPostprocessing = 0;
		};
/* End PBXSourcesBuildPhase section */

/* Begin PBXTargetDependency section */
		6CDB5B3CAB58FC596887417C /* PBXTargetDependency */ = {
			isa = PBXTargetDependency;
			target = 924EE78D99ED297058C1AFBC /* DuoScreen */;
			targetProxy = 4E37117DA721A1F7875E83D4 /* PBXContainerItemProxy */;
		};
/* End PBXTargetDependency section */

/* Begin XCBuildConfiguration section */
		019785A8A8A405AE9B12C31A /* Release */ = {
			isa = XCBuildConfiguration;
			buildSettings = {
				ALWAYS_SEARCH_USER_PATHS = NO;
				CLANG_ANALYZER_NONNULL = YES;
				CLANG_ANALYZER_NUMBER_OBJECT_CONVERSION = YES_AGGRESSIVE;
				CLANG_CXX_LANGUAGE_STANDARD = "gnu++14";
				CLANG_CXX_LIBRARY = "libc++";
				CLANG_ENABLE_MODULES = YES;
				CLANG_ENABLE_OBJC_ARC = YES;
				CLANG_ENABLE_OBJC_WEAK = YES;
				CLANG_WARN_BLOCK_CAPTURE_AUTORELEASING = YES;
				CLANG_WARN_BOOL_CONVERSION = YES;
				CLANG_WARN_COMMA = YES;
				CLANG_WARN_CONSTANT_CONVERSION = YES;
				CLANG_WARN_DEPRECATED_OBJC_IMPLEMENTATIONS = YES;
				CLANG_WARN_DIRECT_OBJC_ISA_USAGE = YES_ERROR;
				CLANG_WARN_DOCUMENTATION_COMMENTS = YES;
				CLANG_WARN_EMPTY_BODY = YES;
				CLANG_WARN_ENUM_CONVERSION = YES;
				CLANG_WARN_INFINITE_RECURSION = YES;
				CLANG_WARN_INT_CONVERSION = YES;
				CLANG_WARN_NON_LITERAL_NULL_CONVERSION = YES;
				CLANG_WARN_OBJC_IMPLICIT_RETAIN_SELF = YES;
				CLANG_WARN_OBJC_LITERAL_CONVERSION = YES;
				CLANG_WARN_OBJC_ROOT_CLASS = YES_ERROR;
				CLANG_WARN_QUOTED_INCLUDE_IN_FRAMEWORK_HEADER = YES;
				CLANG_WARN_RANGE_LOOP_ANALYSIS = YES;
				CLANG_WARN_STRICT_PROTOTYPES = YES;
				CLANG_WARN_SUSPICIOUS_MOVE = YES;
				CLANG_WARN_UNGUARDED_AVAILABILITY = YES_AGGRESSIVE;
				CLANG_WARN_UNREACHABLE_CODE = YES;
				CLANG_WARN__DUPLICATE_METHOD_MATCH = YES;
				COPY_PHASE_STRIP = NO;
				DEBUG_INFORMATION_FORMAT = "dwarf-with-dsym";
				ENABLE_NS_ASSERTIONS = NO;
				ENABLE_STRICT_OBJC_MSGSEND = YES;
				GCC_C_LANGUAGE_STANDARD = gnu11;
				GCC_NO_COMMON_BLOCKS = YES;
				GCC_WARN_64_TO_32_BIT_CONVERSION = YES;
				GCC_WARN_ABOUT_RETURN_TYPE = YES_ERROR;
				GCC_WARN_UNDECLARED_SELECTOR = YES;
				GCC_WARN_UNINITIALIZED_AUTOS = YES_AGGRESSIVE;
				GCC_WARN_UNUSED_FUNCTION = YES;
				GCC_WARN_UNUSED_VARIABLE = YES;
				MTL_ENABLE_DEBUG_INFO = NO;
				MTL_FAST_MATH = YES;
				PRODUCT_NAME = "$(TARGET_NAME)";
				SDKROOT = iphoneos;
				SWIFT_COMPILATION_MODE = wholemodule;
				SWIFT_OPTIMIZATION_LEVEL = "-O";
				SWIFT_VERSION = 5.0;
			};
			name = Release;
		};
		055A3FC8F9F9261ACF4E3BC8 /* Release */ = {
			isa = XCBuildConfiguration;
			buildSettings = {
				BUNDLE_LOADER = "$(TEST_HOST)";
				GENERATE_INFOPLIST_FILE = YES;
				LD_RUNPATH_SEARCH_PATHS = (
					"$(inherited)",
					"@executable_path/Frameworks",
					"@loader_path/Frameworks",
				);
				PRODUCT_BUNDLE_IDENTIFIER = com.albisourous.DuoScreenUITests;
				SDKROOT = iphoneos;
				TARGETED_DEVICE_FAMILY = "1,2";
				TEST_TARGET_NAME = DuoScreen;
			};
			name = Release;
		};
		0CE2CA164E1309F84858361B /* Debug */ = {
			isa = XCBuildConfiguration;
			buildSettings = {
				ALWAYS_SEARCH_USER_PATHS = NO;
				CLANG_ANALYZER_NONNULL = YES;
				CLANG_ANALYZER_NUMBER_OBJECT_CONVERSION = YES_AGGRESSIVE;
				CLANG_CXX_LANGUAGE_STANDARD = "gnu++14";
				CLANG_CXX_LIBRARY = "libc++";
				CLANG_ENABLE_MODULES = YES;
				CLANG_ENABLE_OBJC_ARC = YES;
				CLANG_ENABLE_OBJC_WEAK = YES;
				CLANG_WARN_BLOCK_CAPTURE_AUTORELEASING = YES;
				CLANG_WARN_BOOL_CONVERSION = YES;
				CLANG_WARN_COMMA = YES;
				CLANG_WARN_CONSTANT_CONVERSION = YES;
				CLANG_WARN_DEPRECATED_OBJC_IMPLEMENTATIONS = YES;
				CLANG_WARN_DIRECT_OBJC_ISA_USAGE = YES_ERROR;
				CLANG_WARN_DOCUMENTATION_COMMENTS = YES;
				CLANG_WARN_EMPTY_BODY = YES;
				CLANG_WARN_ENUM_CONVERSION = YES;
				CLANG_WARN_INFINITE_RECURSION = YES;
				CLANG_WARN_INT_CONVERSION = YES;
				CLANG_WARN_NON_LITERAL_NULL_CONVERSION = YES;
				CLANG_WARN_OBJC_IMPLICIT_RETAIN_SELF = YES;
				CLANG_WARN_OBJC_LITERAL_CONVERSION = YES;
				CLANG_WARN_OBJC_ROOT_CLASS = YES_ERROR;
				CLANG_WARN_QUOTED_INCLUDE_IN_FRAMEWORK_HEADER = YES;
				CLANG_WARN_RANGE_LOOP_ANALYSIS = YES;
				CLANG_WARN_STRICT_PROTOTYPES = YES;
				CLANG_WARN_SUSPICIOUS_MOVE = YES;
				CLANG_WARN_UNGUARDED_AVAILABILITY = YES_AGGRESSIVE;
				CLANG_WARN_UNREACHABLE_CODE = YES;
				CLANG_WARN__DUPLICATE_METHOD_MATCH = YES;
				COPY_PHASE_STRIP = NO;
				DEBUG_INFORMATION_FORMAT = dwarf;
				ENABLE_STRICT_OBJC_MSGSEND = YES;
				ENABLE_TESTABILITY = YES;
				GCC_C_LANGUAGE_STANDARD = gnu11;
				GCC_DYNAMIC_NO_PIC = NO;
				GCC_NO_COMMON_BLOCKS = YES;
				GCC_OPTIMIZATION_LEVEL = 0;
				GCC_PREPROCESSOR_DEFINITIONS = (
					"$(inherited)",
					"DEBUG=1",
				);
				GCC_WARN_64_TO_32_BIT_CONVERSION = YES;
				GCC_WARN_ABOUT_RETURN_TYPE = YES_ERROR;
				GCC_WARN_UNDECLARED_SELECTOR = YES;
				GCC_WARN_UNINITIALIZED_AUTOS = YES_AGGRESSIVE;
				GCC_WARN_UNUSED_FUNCTION = YES;
				GCC_WARN_UNUSED_VARIABLE = YES;
				MTL_ENABLE_DEBUG_INFO = INCLUDE_SOURCE;
				MTL_FAST_MATH = YES;
				ONLY_ACTIVE_ARCH = YES;
				PRODUCT_NAME = "$(TARGET_NAME)";
				SDKROOT = iphoneos;
				SWIFT_ACTIVE_COMPILATION_CONDITIONS = DEBUG;
				SWIFT_OPTIMIZATION_LEVEL = "-Onone";
				SWIFT_VERSION = 5.0;
			};
			name = Debug;
		};
		7D9D590B774E51748FE9A80F /* Debug */ = {
			isa = XCBuildConfiguration;
			buildSettings = {
				BUNDLE_LOADER = "$(TEST_HOST)";
				GENERATE_INFOPLIST_FILE = YES;
				LD_RUNPATH_SEARCH_PATHS = (
					"$(inherited)",
					"@executable_path/Frameworks",
					"@loader_path/Frameworks",
				);
				PRODUCT_BUNDLE_IDENTIFIER = com.albisourous.DuoScreenUITests;
				SDKROOT = iphoneos;
				TARGETED_DEVICE_FAMILY = "1,2";
				TEST_TARGET_NAME = DuoScreen;
			};
			name = Debug;
		};
		9AECF8DBF1DFDFB18F77A7D2 /* Debug */ = {
			isa = XCBuildConfiguration;
			buildSettings = {
				ASSETCATALOG_COMPILER_APPICON_NAME = AppIcon;
				CODE_SIGN_IDENTITY = "iPhone Developer";
				CODE_SIGN_STYLE = Automatic;
				DEVELOPMENT_TEAM = Q36L58HTT5;
				INFOPLIST_FILE = DuoScreen/Info.plist;
				IPHONEOS_DEPLOYMENT_TARGET = 26.0;
				LD_RUNPATH_SEARCH_PATHS = (
					"$(inherited)",
					"@executable_path/Frameworks",
				);
				PRODUCT_BUNDLE_IDENTIFIER = com.albisourous.duoscreen;
				SDKROOT = iphoneos;
				TARGETED_DEVICE_FAMILY = 1;
			};
			name = Debug;
		};
		B13D62DDAC3A3C43FF5D08FD /* Release */ = {
			isa = XCBuildConfiguration;
			buildSettings = {
				ASSETCATALOG_COMPILER_APPICON_NAME = AppIcon;
				CODE_SIGN_IDENTITY = "iPhone Developer";
				CODE_SIGN_STYLE = Automatic;
				DEVELOPMENT_TEAM = Q36L58HTT5;
				INFOPLIST_FILE = DuoScreen/Info.plist;
				IPHONEOS_DEPLOYMENT_TARGET = 26.0;
				LD_RUNPATH_SEARCH_PATHS = (
					"$(inherited)",
					"@executable_path/Frameworks",
				);
				PRODUCT_BUNDLE_IDENTIFIER = com.albisourous.duoscreen;
				SDKROOT = iphoneos;
				TARGETED_DEVICE_FAMILY = 1;
			};
			name = Release;
		};
/* End XCBuildConfiguration section */

/* Begin XCConfigurationList section */
		3BD6FDD9A94D10896AD056A7 /* Build configuration list for PBXProject "DuoScreen" */ = {
			isa = XCConfigurationList;
			buildConfigurations = (
				0CE2CA164E1309F84858361B /* Debug */,
				019785A8A8A405AE9B12C31A /* Release */,
			);
			defaultConfigurationIsVisible = 0;
			defaultConfigurationName = Debug;
		};
		4219F578844B6920139957F0 /* Build configuration list for PBXNativeTarget "DuoScreen" */ = {
			isa = XCConfigurationList;
			buildConfigurations = (
				9AECF8DBF1DFDFB18F77A7D2 /* Debug */,
				B13D62DDAC3A3C43FF5D08FD /* Release */,
			);
			defaultConfigurationIsVisible = 0;
			defaultConfigurationName = Debug;
		};
		D0B390B41D38E2DCE91B0CEA /* Build configuration list for PBXNativeTarget "DuoScreenUITests" */ = {
			isa = XCConfigurationList;
			buildConfigurations = (
				7D9D590B774E51748FE9A80F /* Debug */,
				055A3FC8F9F9261ACF4E3BC8 /* Release */,
			);
			defaultConfigurationIsVisible = 0;
			defaultConfigurationName = Debug;
		};
/* End XCConfigurationList section */
	};
	rootObject = 01FC30359BE1E9F6F40EC866 /* Project object */;
}
